{
  "requires": true,
  "lockfileVersion": 1,
  "dependencies": {
<<<<<<< HEAD
    "@types/geojson": {
      "version": "7946.0.7",
      "resolved": "https://registry.npmjs.org/@types/geojson/-/geojson-7946.0.7.tgz",
      "integrity": "sha512-wE2v81i4C4Ol09RtsWFAqg3BUitWbHSpSlIo+bNdsCJijO9sjme+zm+73ZMCa/qMC8UEERxzGbvmr1cffo2SiQ=="
    },
=======
>>>>>>> aae49526b36eda73a82663c36e02206c559913dc
    "js-tokens": {
      "version": "4.0.0",
      "resolved": "https://registry.npmjs.org/js-tokens/-/js-tokens-4.0.0.tgz",
      "integrity": "sha512-RdJUflcE3cUzKiMqQgsCu06FPu9UdIJO0beYbPhHN4k6apgJtifcoCtT9bcxOpYBtpD2kCM6Sbzg4CausW/PKQ=="
    },
    "lodash.debounce": {
      "version": "4.0.8",
      "resolved": "https://registry.npmjs.org/lodash.debounce/-/lodash.debounce-4.0.8.tgz",
      "integrity": "sha1-gteb/zCmfEAF/9XiUVMArZyk168="
    },
    "loose-envify": {
      "version": "1.4.0",
      "resolved": "https://registry.npmjs.org/loose-envify/-/loose-envify-1.4.0.tgz",
      "integrity": "sha512-lyuxPGr/Wfhrlem2CL/UcnUc1zcqKAImBDzukY7Y5F/yQiNdko6+fRLevlw1HgMySw7f611UIY408EtxRSoK3Q==",
      "requires": {
        "js-tokens": "^3.0.0 || ^4.0.0"
      }
    },
    "object-assign": {
      "version": "4.1.1",
      "resolved": "https://registry.npmjs.org/object-assign/-/object-assign-4.1.1.tgz",
      "integrity": "sha1-IQmtx5ZYh8/AXLvUQsrIv7s2CGM="
    },
    "prop-types": {
      "version": "15.7.2",
      "resolved": "https://registry.npmjs.org/prop-types/-/prop-types-15.7.2.tgz",
      "integrity": "sha512-8QQikdH7//R2vurIJSutZ1smHYTcLpRWEOlHnzcWHmBYrOGUysKwSsrC89BCiFj3CbrfJ/nXFdJepOVrY1GCHQ==",
      "requires": {
        "loose-envify": "^1.4.0",
        "object-assign": "^4.1.1",
        "react-is": "^16.8.1"
      }
    },
    "qs": {
      "version": "6.9.6",
      "resolved": "https://registry.npmjs.org/qs/-/qs-6.9.6.tgz",
      "integrity": "sha512-TIRk4aqYLNoJUbd+g2lEdz5kLWIuTMRagAXxl78Q0RiVjAOugHmeKNGdd3cwo/ktpf9aL9epCfFqWDEKysUlLQ=="
    },
    "react-is": {
      "version": "16.13.1",
      "resolved": "https://registry.npmjs.org/react-is/-/react-is-16.13.1.tgz",
      "integrity": "sha512-24e6ynE2H+OKt4kqsOvNd8kBpV65zoxbA4BVsEOB3ARVWQki/DHzaUoC5KuON/BiccDaCCTZBuOcfZs70kR8bQ=="
    },
    "react-native-google-places-autocomplete": {
      "version": "2.2.0",
      "resolved": "https://registry.npmjs.org/react-native-google-places-autocomplete/-/react-native-google-places-autocomplete-2.2.0.tgz",
      "integrity": "sha512-Kb1RmBLWTVsb4BKlAea5feZGr28EMFRUzqOQ4nenK3h+ACAb0B9IFpJZARKBn7yluRhK0v6/pDb8ulJB0RKxrQ==",
      "requires": {
        "lodash.debounce": "^4.0.8",
        "prop-types": "^15.7.2",
        "qs": "~6.9.1"
      }
<<<<<<< HEAD
    },
    "react-native-maps": {
      "version": "0.28.0",
      "resolved": "https://registry.npmjs.org/react-native-maps/-/react-native-maps-0.28.0.tgz",
      "integrity": "sha512-F+k5ZT9hhl+iXR1H+5ZcoHOEB5lPu9gCIwtA4lI/LoI9nfa9xFvr1vMiLIv44jzeGNzbE3+/R81IpcNDMJ5uDg==",
      "requires": {
        "@types/geojson": "^7946.0.7"
      }
=======
>>>>>>> aae49526b36eda73a82663c36e02206c559913dc
    }
  }
}
